
Microsoft Visual Studio Solution File, Format Version 12.00
# Visual Studio Version 17
VisualStudioVersion = 17.11.35312.102
MinimumVisualStudioVersion = 10.0.40219.1
Project("{FAE04EC0-301F-11D3-BF4B-00C04F79EFBC}") = "Triangle", "Triangle\Triangle.csproj", "{C976EE27-E744-4782-8ABB-FCB4C5C79371}"
EndProject
Project("{FAE04EC0-301F-11D3-BF4B-00C04F79EFBC}") = "Photo_album", "Photo_album\Photo_album.csproj", "{539852CA-3483-4E2A-AAEB-5AD7B34B3204}"
EndProject
Project("{FAE04EC0-301F-11D3-BF4B-00C04F79EFBC}") = "Smart_Array", "SmartArray\Smart_Array.csproj", "{A3E3CC00-B5B9-4D2E-8109-E139D36C6015}"
EndProject
Project("{FAE04EC0-301F-11D3-BF4B-00C04F79EFBC}") = "PointCircle", "PointCircle\PointCircle.csproj", "{E9571279-E29A-44B5-8498-CDEDAB6180BE}"
EndProject
Project("{FAE04EC0-301F-11D3-BF4B-00C04F79EFBC}") = "TicTacToe", "tictactoe\TicTacToe.csproj", "{7EBF751B-7600-4539-8D23-0480C50AE2D4}"
EndProject
Project("{FAE04EC0-301F-11D3-BF4B-00C04F79EFBC}") = "Pexeso", "Pexeso\Pexeso.csproj", "{5EA53BD4-D4A2-470C-A8D6-B842FADAF553}"
EndProject
Project("{FAE04EC0-301F-11D3-BF4B-00C04F79EFBC}") = "Color_Game", "Color_Game\Color_Game.csproj", "{B1E07462-BA13-4CB0-A0FD-E0657E807F6B}"
EndProject
Project("{FAE04EC0-301F-11D3-BF4B-00C04F79EFBC}") = "Cellular_Automaton", "Game_of_Life\Cellular_Automaton.csproj", "{F6E04DF0-2574-4395-8B00-C8B14A5BC6CB}"
EndProject
Project("{FAE04EC0-301F-11D3-BF4B-00C04F79EFBC}") = "colorgames", "colorgames\colorgames.csproj", "{57A4A975-FEF5-48AD-BE0B-C22423207444}"
EndProject
Project("{FAE04EC0-301F-11D3-BF4B-00C04F79EFBC}") = "Blue_Buttons", "Blue_Buttons\Blue_Buttons.csproj", "{391DF14B-B376-43B1-9AD9-70162247129B}"
EndProject
Project("{FAE04EC0-301F-11D3-BF4B-00C04F79EFBC}") = "Calendar", "Calendar\Calendar.csproj", "{CCBC6507-701E-4A4E-93B5-B6C600346BE9}"
EndProject
Project("{FAE04EC0-301F-11D3-BF4B-00C04F79EFBC}") = "red_buttons", "red_buttons\red_buttons.csproj", "{9B54BBB0-FFBF-4222-A13C-E0200F11501F}"
EndProject
Project("{FAE04EC0-301F-11D3-BF4B-00C04F79EFBC}") = "buttoncolorer", "buttoncolorer\buttoncolorer.csproj", "{7A4F2FA2-1BEE-4441-A263-42F59B1A6CD9}"
EndProject
Project("{FAE04EC0-301F-11D3-BF4B-00C04F79EFBC}") = "binarycolor", "binarycolor\binarycolor.csproj", "{813BE97E-0438-4ED6-969F-8B6F39EC4BEE}"
EndProject
Global
	GlobalSection(SolutionConfigurationPlatforms) = preSolution
		Debug|Any CPU = Debug|Any CPU
		Release|Any CPU = Release|Any CPU
	EndGlobalSection
	GlobalSection(ProjectConfigurationPlatforms) = postSolution
		{C976EE27-E744-4782-8ABB-FCB4C5C79371}.Debug|Any CPU.ActiveCfg = Debug|Any CPU
		{C976EE27-E744-4782-8ABB-FCB4C5C79371}.Debug|Any CPU.Build.0 = Debug|Any CPU
		{C976EE27-E744-4782-8ABB-FCB4C5C79371}.Release|Any CPU.ActiveCfg = Release|Any CPU
		{539852CA-3483-4E2A-AAEB-5AD7B34B3204}.Debug|Any CPU.ActiveCfg = Debug|Any CPU
		{539852CA-3483-4E2A-AAEB-5AD7B34B3204}.Debug|Any CPU.Build.0 = Debug|Any CPU
		{539852CA-3483-4E2A-AAEB-5AD7B34B3204}.Release|Any CPU.ActiveCfg = Release|Any CPU
		{A3E3CC00-B5B9-4D2E-8109-E139D36C6015}.Debug|Any CPU.ActiveCfg = Debug|Any CPU
		{A3E3CC00-B5B9-4D2E-8109-E139D36C6015}.Debug|Any CPU.Build.0 = Debug|Any CPU
		{A3E3CC00-B5B9-4D2E-8109-E139D36C6015}.Release|Any CPU.ActiveCfg = Release|Any CPU
		{E9571279-E29A-44B5-8498-CDEDAB6180BE}.Debug|Any CPU.ActiveCfg = Debug|Any CPU
		{E9571279-E29A-44B5-8498-CDEDAB6180BE}.Debug|Any CPU.Build.0 = Debug|Any CPU
		{E9571279-E29A-44B5-8498-CDEDAB6180BE}.Release|Any CPU.ActiveCfg = Release|Any CPU
		{7EBF751B-7600-4539-8D23-0480C50AE2D4}.Debug|Any CPU.ActiveCfg = Debug|Any CPU
		{7EBF751B-7600-4539-8D23-0480C50AE2D4}.Debug|Any CPU.Build.0 = Debug|Any CPU
		{7EBF751B-7600-4539-8D23-0480C50AE2D4}.Release|Any CPU.ActiveCfg = Release|Any CPU
		{5EA53BD4-D4A2-470C-A8D6-B842FADAF553}.Debug|Any CPU.ActiveCfg = Debug|Any CPU
		{5EA53BD4-D4A2-470C-A8D6-B842FADAF553}.Debug|Any CPU.Build.0 = Debug|Any CPU
		{5EA53BD4-D4A2-470C-A8D6-B842FADAF553}.Release|Any CPU.ActiveCfg = Release|Any CPU
		{B1E07462-BA13-4CB0-A0FD-E0657E807F6B}.Debug|Any CPU.ActiveCfg = Debug|Any CPU
		{B1E07462-BA13-4CB0-A0FD-E0657E807F6B}.Debug|Any CPU.Build.0 = Debug|Any CPU
		{B1E07462-BA13-4CB0-A0FD-E0657E807F6B}.Release|Any CPU.ActiveCfg = Release|Any CPU
		{F6E04DF0-2574-4395-8B00-C8B14A5BC6CB}.Debug|Any CPU.ActiveCfg = Debug|Any CPU
		{F6E04DF0-2574-4395-8B00-C8B14A5BC6CB}.Debug|Any CPU.Build.0 = Debug|Any CPU
		{F6E04DF0-2574-4395-8B00-C8B14A5BC6CB}.Release|Any CPU.ActiveCfg = Release|Any CPU
		{F6E04DF0-2574-4395-8B00-C8B14A5BC6CB}.Release|Any CPU.Build.0 = Release|Any CPU
		{57A4A975-FEF5-48AD-BE0B-C22423207444}.Debug|Any CPU.ActiveCfg = Debug|Any CPU
		{57A4A975-FEF5-48AD-BE0B-C22423207444}.Debug|Any CPU.Build.0 = Debug|Any CPU
		{57A4A975-FEF5-48AD-BE0B-C22423207444}.Release|Any CPU.ActiveCfg = Release|Any CPU
		{391DF14B-B376-43B1-9AD9-70162247129B}.Debug|Any CPU.ActiveCfg = Debug|Any CPU
		{391DF14B-B376-43B1-9AD9-70162247129B}.Debug|Any CPU.Build.0 = Debug|Any CPU
		{391DF14B-B376-43B1-9AD9-70162247129B}.Release|Any CPU.ActiveCfg = Release|Any CPU
		{CCBC6507-701E-4A4E-93B5-B6C600346BE9}.Debug|Any CPU.ActiveCfg = Debug|Any CPU
		{CCBC6507-701E-4A4E-93B5-B6C600346BE9}.Debug|Any CPU.Build.0 = Debug|Any CPU
		{CCBC6507-701E-4A4E-93B5-B6C600346BE9}.Release|Any CPU.ActiveCfg = Release|Any CPU
		{9B54BBB0-FFBF-4222-A13C-E0200F11501F}.Debug|Any CPU.ActiveCfg = Debug|Any CPU
		{9B54BBB0-FFBF-4222-A13C-E0200F11501F}.Debug|Any CPU.Build.0 = Debug|Any CPU
		{9B54BBB0-FFBF-4222-A13C-E0200F11501F}.Release|Any CPU.ActiveCfg = Release|Any CPU
		{7A4F2FA2-1BEE-4441-A263-42F59B1A6CD9}.Debug|Any CPU.ActiveCfg = Debug|Any CPU
		{7A4F2FA2-1BEE-4441-A263-42F59B1A6CD9}.Debug|Any CPU.Build.0 = Debug|Any CPU
		{7A4F2FA2-1BEE-4441-A263-42F59B1A6CD9}.Release|Any CPU.ActiveCfg = Release|Any CPU
		{813BE97E-0438-4ED6-969F-8B6F39EC4BEE}.Debug|Any CPU.ActiveCfg = Debug|Any CPU
		{813BE97E-0438-4ED6-969F-8B6F39EC4BEE}.Debug|Any CPU.Build.0 = Debug|Any CPU
		{813BE97E-0438-4ED6-969F-8B6F39EC4BEE}.Release|Any CPU.ActiveCfg = Release|Any CPU
	EndGlobalSection
	GlobalSection(SolutionProperties) = preSolution
		HideSolutionNode = FALSE
	EndGlobalSection
	GlobalSection(ExtensibilityGlobals) = postSolution
		SolutionGuid = {53663088-60F7-4FE6-8519-818588798C8E}
	EndGlobalSection
EndGlobal
