
Microsoft Visual Studio Solution File, Format Version 12.00
# Visual Studio Version 17
VisualStudioVersion = 17.11.35312.102
MinimumVisualStudioVersion = 10.0.40219.1
Project("{FAE04EC0-301F-11D3-BF4B-00C04F79EFBC}") = "Position_changer", "WindowsFormsApp1\Position_changer.csproj", "{5AA76107-0A25-456A-BD62-7912F4BF9D2D}"
EndProject
Project("{FAE04EC0-301F-11D3-BF4B-00C04F79EFBC}") = "Guess_random_number", "Guess_random_number\Guess_random_number.csproj", "{FA147CF9-7A4A-41F2-87B6-5EC293B615E1}"
EndProject
Global
	GlobalSection(SolutionConfigurationPlatforms) = preSolution
		Debug|Any CPU = Debug|Any CPU
		Release|Any CPU = Release|Any CPU
	EndGlobalSection
	GlobalSection(ProjectConfigurationPlatforms) = postSolution
		{5AA76107-0A25-456A-BD62-7912F4BF9D2D}.Debug|Any CPU.ActiveCfg = Debug|Any CPU
		{5AA76107-0A25-456A-BD62-7912F4BF9D2D}.Debug|Any CPU.Build.0 = Debug|Any CPU
		{5AA76107-0A25-456A-BD62-7912F4BF9D2D}.Release|Any CPU.ActiveCfg = Release|Any CPU
		{5AA76107-0A25-456A-BD62-7912F4BF9D2D}.Release|Any CPU.Build.0 = Release|Any CPU
		{FA147CF9-7A4A-41F2-87B6-5EC293B615E1}.Debug|Any CPU.ActiveCfg = Debug|Any CPU
		{FA147CF9-7A4A-41F2-87B6-5EC293B615E1}.Debug|Any CPU.Build.0 = Debug|Any CPU
		{FA147CF9-7A4A-41F2-87B6-5EC293B615E1}.Release|Any CPU.ActiveCfg = Release|Any CPU
		{FA147CF9-7A4A-41F2-87B6-5EC293B615E1}.Release|Any CPU.Build.0 = Release|Any CPU
	EndGlobalSection
	GlobalSection(SolutionProperties) = preSolution
		HideSolutionNode = FALSE
	EndGlobalSection
	GlobalSection(ExtensibilityGlobals) = postSolution
		SolutionGuid = {2BD87AB4-0039-4374-905F-F1F9B74B5A80}
	EndGlobalSection
EndGlobal
